
Microsoft Visual Studio Solution File, Format Version 10.00
# Visual Studio 2008
Project("{8BC9CEB8-8B4A-11D0-8D11-00A0C91BC942}") = "jsoncpp", "lib\jsoncpp\jsoncpp.vcproj", "{2BE594F7-6E62-4B8F-97D6-723F29D2716A}"
EndProject
Project("{8BC9CEB8-8B4A-11D0-8D11-00A0C91BC942}") = "curlpp", "lib\curlpp\curlpp.vcproj", "{F5AAAB7C-FD7F-4A6D-851B-BE7AA532C2A5}"
	ProjectSection(ProjectDependencies) = postProject
		{DB2B185A-E07C-41D2-A97C-B6FAEBB3362A} = {DB2B185A-E07C-41D2-A97C-B6FAEBB3362A}
	EndProjectSection
EndProject
Project("{8BC9CEB8-8B4A-11D0-8D11-00A0C91BC942}") = "examples", "..\src\examples\examples.vcproj", "{EB0E7D50-65A6-4474-879E-98667C9BA364}"
	ProjectSection(ProjectDependencies) = postProject
		{FC635166-86D4-4EF0-9DF4-99C2603241F1} = {FC635166-86D4-4EF0-9DF4-99C2603241F1}
	EndProjectSection
EndProject
Project("{8BC9CEB8-8B4A-11D0-8D11-00A0C91BC942}") = "libfacebookcpp", "..\src\libfacebookcpp.vcproj", "{FC635166-86D4-4EF0-9DF4-99C2603241F1}"
	ProjectSection(ProjectDependencies) = postProject
		{F5AAAB7C-FD7F-4A6D-851B-BE7AA532C2A5} = {F5AAAB7C-FD7F-4A6D-851B-BE7AA532C2A5}
		{2BE594F7-6E62-4B8F-97D6-723F29D2716A} = {2BE594F7-6E62-4B8F-97D6-723F29D2716A}
	EndProjectSection
EndProject
Project("{8BC9CEB8-8B4A-11D0-8D11-00A0C91BC942}") = "libcurl", "lib\libcurl\libcurl.vcproj", "{DB2B185A-E07C-41D2-A97C-B6FAEBB3362A}"
EndProject
Global
	GlobalSection(SolutionConfigurationPlatforms) = preSolution
		DLL Debug|Win32 = DLL Debug|Win32
		DLL Debug|x64 = DLL Debug|x64
		DLL Release|Win32 = DLL Release|Win32
		DLL Release|x64 = DLL Release|x64
		LIB Debug|Win32 = LIB Debug|Win32
		LIB Debug|x64 = LIB Debug|x64
		LIB Release|Win32 = LIB Release|Win32
		LIB Release|x64 = LIB Release|x64
	EndGlobalSection
	GlobalSection(ProjectConfigurationPlatforms) = postSolution
		{2BE594F7-6E62-4B8F-97D6-723F29D2716A}.DLL Debug|Win32.ActiveCfg = DLL Debug|Win32
		{2BE594F7-6E62-4B8F-97D6-723F29D2716A}.DLL Debug|Win32.Build.0 = DLL Debug|Win32
		{2BE594F7-6E62-4B8F-97D6-723F29D2716A}.DLL Debug|x64.ActiveCfg = DLL Debug|x64
		{2BE594F7-6E62-4B8F-97D6-723F29D2716A}.DLL Debug|x64.Build.0 = DLL Debug|x64
		{2BE594F7-6E62-4B8F-97D6-723F29D2716A}.DLL Release|Win32.ActiveCfg = DLL Release|Win32
		{2BE594F7-6E62-4B8F-97D6-723F29D2716A}.DLL Release|Win32.Build.0 = DLL Release|Win32
		{2BE594F7-6E62-4B8F-97D6-723F29D2716A}.DLL Release|x64.ActiveCfg = DLL Release|x64
		{2BE594F7-6E62-4B8F-97D6-723F29D2716A}.DLL Release|x64.Build.0 = DLL Release|x64
		{2BE594F7-6E62-4B8F-97D6-723F29D2716A}.LIB Debug|Win32.ActiveCfg = LIB Debug|Win32
		{2BE594F7-6E62-4B8F-97D6-723F29D2716A}.LIB Debug|Win32.Build.0 = LIB Debug|Win32
		{2BE594F7-6E62-4B8F-97D6-723F29D2716A}.LIB Debug|x64.ActiveCfg = LIB Debug|x64
		{2BE594F7-6E62-4B8F-97D6-723F29D2716A}.LIB Debug|x64.Build.0 = LIB Debug|x64
		{2BE594F7-6E62-4B8F-97D6-723F29D2716A}.LIB Release|Win32.ActiveCfg = LIB Release|Win32
		{2BE594F7-6E62-4B8F-97D6-723F29D2716A}.LIB Release|Win32.Build.0 = LIB Release|Win32
		{2BE594F7-6E62-4B8F-97D6-723F29D2716A}.LIB Release|x64.ActiveCfg = LIB Release|x64
		{2BE594F7-6E62-4B8F-97D6-723F29D2716A}.LIB Release|x64.Build.0 = LIB Release|x64
		{F5AAAB7C-FD7F-4A6D-851B-BE7AA532C2A5}.DLL Debug|Win32.ActiveCfg = DLL Debug|Win32
		{F5AAAB7C-FD7F-4A6D-851B-BE7AA532C2A5}.DLL Debug|Win32.Build.0 = DLL Debug|Win32
		{F5AAAB7C-FD7F-4A6D-851B-BE7AA532C2A5}.DLL Debug|x64.ActiveCfg = DLL Debug|x64
		{F5AAAB7C-FD7F-4A6D-851B-BE7AA532C2A5}.DLL Debug|x64.Build.0 = DLL Debug|x64
		{F5AAAB7C-FD7F-4A6D-851B-BE7AA532C2A5}.DLL Release|Win32.ActiveCfg = DLL Release|Win32
		{F5AAAB7C-FD7F-4A6D-851B-BE7AA532C2A5}.DLL Release|Win32.Build.0 = DLL Release|Win32
		{F5AAAB7C-FD7F-4A6D-851B-BE7AA532C2A5}.DLL Release|x64.ActiveCfg = DLL Release|x64
		{F5AAAB7C-FD7F-4A6D-851B-BE7AA532C2A5}.DLL Release|x64.Build.0 = DLL Release|x64
		{F5AAAB7C-FD7F-4A6D-851B-BE7AA532C2A5}.LIB Debug|Win32.ActiveCfg = LIB Debug|Win32
		{F5AAAB7C-FD7F-4A6D-851B-BE7AA532C2A5}.LIB Debug|Win32.Build.0 = LIB Debug|Win32
		{F5AAAB7C-FD7F-4A6D-851B-BE7AA532C2A5}.LIB Debug|x64.ActiveCfg = LIB Debug|x64
		{F5AAAB7C-FD7F-4A6D-851B-BE7AA532C2A5}.LIB Debug|x64.Build.0 = LIB Debug|x64
		{F5AAAB7C-FD7F-4A6D-851B-BE7AA532C2A5}.LIB Release|Win32.ActiveCfg = LIB Release|Win32
		{F5AAAB7C-FD7F-4A6D-851B-BE7AA532C2A5}.LIB Release|Win32.Build.0 = LIB Release|Win32
		{F5AAAB7C-FD7F-4A6D-851B-BE7AA532C2A5}.LIB Release|x64.ActiveCfg = LIB Release|x64
		{F5AAAB7C-FD7F-4A6D-851B-BE7AA532C2A5}.LIB Release|x64.Build.0 = LIB Release|x64
		{EB0E7D50-65A6-4474-879E-98667C9BA364}.DLL Debug|Win32.ActiveCfg = DLL Debug|Win32
		{EB0E7D50-65A6-4474-879E-98667C9BA364}.DLL Debug|Win32.Build.0 = DLL Debug|Win32
		{EB0E7D50-65A6-4474-879E-98667C9BA364}.DLL Debug|x64.ActiveCfg = DLL Debug|Win32
		{EB0E7D50-65A6-4474-879E-98667C9BA364}.DLL Release|Win32.ActiveCfg = DLL Release|Win32
		{EB0E7D50-65A6-4474-879E-98667C9BA364}.DLL Release|Win32.Build.0 = DLL Release|Win32
		{EB0E7D50-65A6-4474-879E-98667C9BA364}.DLL Release|x64.ActiveCfg = DLL Release|Win32
		{EB0E7D50-65A6-4474-879E-98667C9BA364}.LIB Debug|Win32.ActiveCfg = LIB Debug|Win32
		{EB0E7D50-65A6-4474-879E-98667C9BA364}.LIB Debug|Win32.Build.0 = LIB Debug|Win32
		{EB0E7D50-65A6-4474-879E-98667C9BA364}.LIB Debug|x64.ActiveCfg = LIB Debug|Win32
		{EB0E7D50-65A6-4474-879E-98667C9BA364}.LIB Release|Win32.ActiveCfg = LIB Release|Win32
		{EB0E7D50-65A6-4474-879E-98667C9BA364}.LIB Release|Win32.Build.0 = LIB Release|Win32
		{EB0E7D50-65A6-4474-879E-98667C9BA364}.LIB Release|x64.ActiveCfg = LIB Release|Win32
		{FC635166-86D4-4EF0-9DF4-99C2603241F1}.DLL Debug|Win32.ActiveCfg = DLL Debug|Win32
		{FC635166-86D4-4EF0-9DF4-99C2603241F1}.DLL Debug|Win32.Build.0 = DLL Debug|Win32
		{FC635166-86D4-4EF0-9DF4-99C2603241F1}.DLL Debug|x64.ActiveCfg = DLL Debug|x64
		{FC635166-86D4-4EF0-9DF4-99C2603241F1}.DLL Debug|x64.Build.0 = DLL Debug|x64
		{FC635166-86D4-4EF0-9DF4-99C2603241F1}.DLL Release|Win32.ActiveCfg = DLL Release|Win32
		{FC635166-86D4-4EF0-9DF4-99C2603241F1}.DLL Release|Win32.Build.0 = DLL Release|Win32
		{FC635166-86D4-4EF0-9DF4-99C2603241F1}.DLL Release|x64.ActiveCfg = DLL Release|x64
		{FC635166-86D4-4EF0-9DF4-99C2603241F1}.DLL Release|x64.Build.0 = DLL Release|x64
		{FC635166-86D4-4EF0-9DF4-99C2603241F1}.LIB Debug|Win32.ActiveCfg = LIB Debug|Win32
		{FC635166-86D4-4EF0-9DF4-99C2603241F1}.LIB Debug|Win32.Build.0 = LIB Debug|Win32
		{FC635166-86D4-4EF0-9DF4-99C2603241F1}.LIB Debug|x64.ActiveCfg = LIB Debug|x64
		{FC635166-86D4-4EF0-9DF4-99C2603241F1}.LIB Debug|x64.Build.0 = LIB Debug|x64
		{FC635166-86D4-4EF0-9DF4-99C2603241F1}.LIB Release|Win32.ActiveCfg = LIB Release|Win32
		{FC635166-86D4-4EF0-9DF4-99C2603241F1}.LIB Release|Win32.Build.0 = LIB Release|Win32
		{FC635166-86D4-4EF0-9DF4-99C2603241F1}.LIB Release|x64.ActiveCfg = LIB Release|x64
		{FC635166-86D4-4EF0-9DF4-99C2603241F1}.LIB Release|x64.Build.0 = LIB Release|x64
		{DB2B185A-E07C-41D2-A97C-B6FAEBB3362A}.DLL Debug|Win32.ActiveCfg = DLL Debug|Win32
		{DB2B185A-E07C-41D2-A97C-B6FAEBB3362A}.DLL Debug|Win32.Build.0 = DLL Debug|Win32
		{DB2B185A-E07C-41D2-A97C-B6FAEBB3362A}.DLL Debug|x64.ActiveCfg = DLL Debug|x64
		{DB2B185A-E07C-41D2-A97C-B6FAEBB3362A}.DLL Debug|x64.Build.0 = DLL Debug|x64
		{DB2B185A-E07C-41D2-A97C-B6FAEBB3362A}.DLL Release|Win32.ActiveCfg = DLL Release|Win32
		{DB2B185A-E07C-41D2-A97C-B6FAEBB3362A}.DLL Release|Win32.Build.0 = DLL Release|Win32
		{DB2B185A-E07C-41D2-A97C-B6FAEBB3362A}.DLL Release|x64.ActiveCfg = DLL Release|x64
		{DB2B185A-E07C-41D2-A97C-B6FAEBB3362A}.DLL Release|x64.Build.0 = DLL Release|x64
		{DB2B185A-E07C-41D2-A97C-B6FAEBB3362A}.LIB Debug|Win32.ActiveCfg = LIB Debug|Win32
		{DB2B185A-E07C-41D2-A97C-B6FAEBB3362A}.LIB Debug|Win32.Build.0 = LIB Debug|Win32
		{DB2B185A-E07C-41D2-A97C-B6FAEBB3362A}.LIB Debug|x64.ActiveCfg = LIB Debug|x64
		{DB2B185A-E07C-41D2-A97C-B6FAEBB3362A}.LIB Debug|x64.Build.0 = LIB Debug|x64
		{DB2B185A-E07C-41D2-A97C-B6FAEBB3362A}.LIB Release|Win32.ActiveCfg = LIB Release|Win32
		{DB2B185A-E07C-41D2-A97C-B6FAEBB3362A}.LIB Release|Win32.Build.0 = LIB Release|Win32
		{DB2B185A-E07C-41D2-A97C-B6FAEBB3362A}.LIB Release|x64.ActiveCfg = LIB Release|x64
		{DB2B185A-E07C-41D2-A97C-B6FAEBB3362A}.LIB Release|x64.Build.0 = LIB Release|x64
	EndGlobalSection
	GlobalSection(SolutionProperties) = preSolution
		HideSolutionNode = FALSE
	EndGlobalSection
EndGlobal
